{
    "_meta": {
        "hash": {
            "sha256": "ce6474d556af3e048900668960b47000f082bf034736e7f22abb548ed7a32d23"
        },
        "pipfile-spec": 6,
        "requires": {
            "python_version": "3.9"
        },
        "sources": [
            {
                "name": "pypi",
                "url": "https://pypi.org/simple",
                "verify_ssl": true
            }
        ]
    },
    "default": {
        "asgiref": {
            "hashes": [
                "sha256:2f8abc20f7248433085eda803936d98992f1343ddb022065779f37c5da0181d0",
                "sha256:88d59c13d634dcffe0510be048210188edd79aeccb6a6c9028cdad6f31d730a9"
            ],
            "markers": "python_version >= '3.7'",
            "version": "==3.5.0"
        },
        "django": {
            "hashes": [
                "sha256:07c8638e7a7f548dc0acaaa7825d84b7bd42b10e8d22268b3d572946f1e9b687",
                "sha256:4e8177858524417563cc0430f29ea249946d831eacb0068a1455686587df40b5"
            ],
            "index": "pypi",
            "version": "==4.0.4"
        },
        "django-cors-headers": {
            "hashes": [
                "sha256:a22be2befd4069c4fc174f11cf067351df5c061a3a5f94a01650b4e928b0372b",
                "sha256:eb98389bf7a2afc5d374806af4a9149697e3a6955b5a2dc2bf049f7d33647456"
            ],
            "index": "pypi",
            "version": "==3.11.0"
        },
        "django-rest-framework-mongoengine": {
            "hashes": [
                "sha256:cabb60f2b8ecf6ceaa13550b47dde0b8f2fe9b6f7b69be681e059cf31b51d729"
            ],
            "index": "pypi",
            "version": "==3.4.1"
        },
        "djangorestframework": {
            "hashes": [
                "sha256:0c33407ce23acc68eca2a6e46424b008c9c02eceb8cf18581921d0092bc1f2ee",
                "sha256:24c4bf58ed7e85d1fe4ba250ab2da926d263cd57d64b03e8dcef0ac683f8b1aa"
            ],
            "index": "pypi",
            "version": "==3.13.1"
        },
        "djongo": {
            "hashes": [
                "sha256:2250d484d4b4025661c139162bafd359eabaffd0deeba18debc59df78a325dc7"
            ],
            "index": "pypi",
            "version": "==1.3.6"
        },
        "gcloud": {
            "hashes": [
                "sha256:3371992c738cee83a9bf67230e434c811428fcccbcb607696f2d4f76dd0a157e"
            ],
            "version": "==0.17.0"
        },
        "googleapis-common-protos": {
            "hashes": [
                "sha256:4007500795bcfc269d279f0f7d253ae18d6dc1ff5d5a73613ffe452038b1ec5f",
                "sha256:60220c89b8bd5272159bed4929ecdc1243ae1f73437883a499a44a1cbc084086"
            ],
            "markers": "python_version >= '3.6'",
            "version": "==1.56.0"
        },
        "httplib2": {
            "hashes": [
                "sha256:58a98e45b4b1a48273073f905d2961666ecf0fbac4250ea5b47aef259eb5c585",
                "sha256:8b6a905cb1c79eefd03f8669fd993c36dc341f7c558f056cb5a33b5c2f458543"
            ],
            "markers": "python_version >= '2.7' and python_version not in '3.0, 3.1, 3.2, 3.3'",
            "version": "==0.20.4"
        },
        "jws": {
            "hashes": [
                "sha256:0e3d4cb06ae7c5c1d16d357b4e7acb5c5ecab0cccb3a4b998035b85052488053",
                "sha256:1c435117e2f6842e74e9a167df58cbab20f36aa14996ccbc81b7aded2f09a704",
                "sha256:6f48d610bbd0d6974ce0c010a6ce0438d3fa87539e68c5e21ea28d29a8df0e57",
                "sha256:8f9c25d7022a9592fe4766612db729e7f5ee2afbc8d409108ef11f26b0aa94b6"
            ],
            "version": "==0.1.3"
        },
        "mongoengine": {
            "hashes": [
                "sha256:01baac85f408f5eefb6195c0afeae631e7fc6fab5cb221a7b46646f94227d6da",
                "sha256:68878b65bcb3751debcba4342180a180161cdb5f46525027e622ad081dd44fac"
            ],
            "index": "pypi",
            "version": "==0.24.1"
        },
        "oauth2client": {
            "hashes": [
                "sha256:5b5b056ec6f2304e7920b632885bd157fa71d1a7f3ddd00a43b1541a8d1a2460"
            ],
            "version": "==3.0.0"
        },
        "protobuf": {
            "hashes": [
                "sha256:0405c3c1cbcc5f827c4a681558d3c628b0a0ac8a7eaea840e521ea427fbe803c",
                "sha256:091a3b6bea4b01ad77846598b77e7f56a51c28214abfd31054ef0ea7c666c064",
                "sha256:109f003328dd46b96e318ba4a4c6a82dd128e4d786c273c45dcc93a4b2630ece",
                "sha256:26355216684829155238c27858a909426423880740d32293e4efc262385c321b",
                "sha256:2845c86bd3dfae3b2d8e4697e7b7afe1bd05ee2d8c71171de1975d3449009e39",
                "sha256:2a82a269769dd693480b0dd8267dadbadf50dcc33dbf0c602d643c8367896b60",
                "sha256:318e1a0e10fc062b6f52e9c4922f4ce2545d13480f11f1cea67852b560461c56",
                "sha256:439712847df0920fbdc4e490240edd8bb025f0bb9b529fb465242d2365a6f6f0",
                "sha256:497cbc7c0d034d6061be631b332433560d12ca8cb603a3132d978c44571d043b",
                "sha256:4b255dc7714eb904a5de2578a5f0358132c6eb28c3b9d8abfc307de274881e4f",
                "sha256:4d5eefb8b11f5904cb226036168120a440451da1b370fbc1315b2a11af026590",
                "sha256:6960da4d4c16adb02c07ed4f55d1669b1cfe0180d09550d47f2f15b3563b7504",
                "sha256:7d8ed8d87a008685f7950a0545180a2457d8601f3150ec2288f185195cb54506",
                "sha256:8f4b3f2de9559da9ce9f6099e8c0423470d64fc6e88b8a9ccecb104b33c975d3",
                "sha256:a80b13b6c31cfe2fd43846d99e740e9f5f22ace756a26d59897185d84d31210f",
                "sha256:af908d773fa818256f6159556d3bcb8db71415c0219299cebad01df123730c51",
                "sha256:c8d375262a9efe44ac73985c62a2722b155b7e33f4a4bd4066c7a1b24fce93c2",
                "sha256:cc18e48ff46cf0c853713413add97cfdc14672aa4a7a1f7a2e0471712430c85f",
                "sha256:cf45ce9e038a19f770e84b5ba5eb4434b044fc633247b903ae728c66b210f7b1",
                "sha256:dd3d652fec35c01f737b034a8726677bc8a8767981ed25c4fd3eb4dbe4b9ab9b",
                "sha256:dfe8f342fb5c2f92dcaf3855b532d02e9d7ff847342b2b3ae324aa102c7a2fb3",
                "sha256:f26f89a4495ea4f2c4abc703b8f68ab1f6c5ebf18a8732df39e8bdf7b9d94da4",
                "sha256:f899a5661f45dbd8ff0261c22a327c1333a317450c836874ab3c34ffd7053bd8",
                "sha256:fcd931cfd80ab29412588c62735b2783e34350bbf03eff277988debea4c3f8a6"
            ],
            "markers": "python_version >= '3.7'",
            "version": "==3.20.1rc1"
        },
        "pyasn1": {
            "hashes": [
                "sha256:014c0e9976956a08139dc0712ae195324a75e142284d5f87f1a87ee1b068a359",
                "sha256:03840c999ba71680a131cfaee6fab142e1ed9bbd9c693e285cc6aca0d555e576",
                "sha256:0458773cfe65b153891ac249bcf1b5f8f320b7c2ce462151f8fa74de8934becf",
                "sha256:08c3c53b75eaa48d71cf8c710312316392ed40899cb34710d092e96745a358b7",
                "sha256:39c7e2ec30515947ff4e87fb6f456dfc6e84857d34be479c9d4a4ba4bf46aa5d",
                "sha256:5c9414dcfede6e441f7e8f81b43b34e834731003427e5b09e4e00e3172a10f00",
                "sha256:6e7545f1a61025a4e58bb336952c5061697da694db1cae97b116e9c46abcf7c8",
                "sha256:78fa6da68ed2727915c4767bb386ab32cdba863caa7dbe473eaae45f9959da86",
                "sha256:7ab8a544af125fb704feadb008c99a88805126fb525280b2270bb25cc1d78a12",
                "sha256:99fcc3c8d804d1bc6d9a099921e39d827026409a58f2a720dcdb89374ea0c776",
                "sha256:aef77c9fb94a3ac588e87841208bdec464471d9871bd5050a287cc9a475cd0ba",
                "sha256:e89bf84b5437b532b0803ba5c9a5e054d21fec423a89952a74f87fa2c9b7bce2",
                "sha256:fec3e9d8e36808a28efb59b489e4528c10ad0f480e57dcc32b4de5c9d8c9fdf3"
            ],
            "version": "==0.4.8"
        },
        "pyasn1-modules": {
            "hashes": [
                "sha256:0845a5582f6a02bb3e1bde9ecfc4bfcae6ec3210dd270522fee602365430c3f8",
                "sha256:0fe1b68d1e486a1ed5473f1302bd991c1611d319bba158e98b106ff86e1d7199",
                "sha256:15b7c67fabc7fc240d87fb9aabf999cf82311a6d6fb2c70d00d3d0604878c811",
                "sha256:426edb7a5e8879f1ec54a1864f16b882c2837bfd06eee62f2c982315ee2473ed",
                "sha256:65cebbaffc913f4fe9e4808735c95ea22d7a7775646ab690518c056784bc21b4",
                "sha256:905f84c712230b2c592c19470d3ca8d552de726050d1d1716282a1f6146be65e",
                "sha256:a50b808ffeb97cb3601dd25981f6b016cbb3d31fbf57a8b8a87428e6158d0c74",
                "sha256:a99324196732f53093a84c4369c996713eb8c89d360a496b599fb1a9c47fc3eb",
                "sha256:b80486a6c77252ea3a3e9b1e360bc9cf28eaac41263d173c032581ad2f20fe45",
                "sha256:c29a5e5cc7a3f05926aff34e097e84f8589cd790ce0ed41b67aed6857b26aafd",
                "sha256:cbac4bc38d117f2a49aeedec4407d23e8866ea4ac27ff2cf7fb3e5b570df19e0",
                "sha256:f39edd8c4ecaa4556e989147ebf219227e2cd2e8a43c7e7fcb1f1c18c5fd6a3d",
                "sha256:fe0644d9ab041506b62782e92b06b8c68cca799e1a9636ec398675459e031405"
            ],
            "version": "==0.2.8"
        },
        "pycryptodome": {
            "hashes": [
                "sha256:1870d8d3634b51f063314290988eff99e61e5ca24d3ff88216a1438e2c2f8ea4",
                "sha256:4b1697b5787afe8e7fd81b96ff4501376f52cb80fc9dd684f6989ea3b69853f4",
                "sha256:52af28bfb104abae1986214db0e38ce9e5250c7054b7c00ef7bf12b8b149beb6",
                "sha256:602732408900628603aedf376d14670a9fc5e3778e19aea74fcf7731bed77542",
                "sha256:77d2790d2c649dff7b5d25639bba8d11e25c55d79763026fd7c1c0d395b99b2a",
                "sha256:bcaddb2b7a732c3a5a92547a8562c039b36cf6029a4bfa97fc53a74bf165f220",
                "sha256:bcf3a8cbe23bd00197c0860f3806de2538649bb7571b8d26dc5d268cd1c7b0a6",
                "sha256:bdfd5de7ccb7bcf37ec74ec12181f67a1a761f88318258067126827b5ec0d3eb",
                "sha256:c1cecf552234304d618ed6dcf23be19c59ba9de58eb7b2cd03a84bcc847d8b77",
                "sha256:dce7b68a79c9996688daba0ae02499c3b2a35f0d5e08d81156ae66b91c05625a",
                "sha256:f3a24d6756be74dadaff8c460076ab9b24085d92a1a4fa6934c7623bae1dbdfc"
            ],
            "version": "==3.4.3"
        },
        "pymongo": {
            "hashes": [
                "sha256:045408d04228987b1d4921ff6dfc3a5431cc6067400833a8bbdd050248d1e01b",
                "sha256:0d218cb7f8828151909a8ca8365304968dd136cd4a178951a49766e35878f0bf",
                "sha256:0dc85be60495a18714f3807266f5e88ad3a517e096be5ac3e0560a3fc1429031",
                "sha256:177f751577109dca799746190fc261af5fc4538af60a297d772370c015475295",
                "sha256:1b7091ac8ca82c03e471b0c9482484b2e11c26fe13b6759534ca213c11eb13a5",
                "sha256:238541f6defbfea8725c5c30af13dcf9800c7f683bba2dde6c4b1a908f5da331",
                "sha256:2c8ab15928468ddae7a9fb474420a68c59a5e304910e5b3ba6bf66bd79f55e73",
                "sha256:2cb0148f197891cce964b53192225eee7ffac61ae39311c3447592eee4474b98",
                "sha256:2e22273a601d64dbb858ab39d66cf777b07f1b3df32db5f8802fa4020870e8a5",
                "sha256:31e8713bfd1c68bada3c1b32101748204192286566e4ea7f720163193efcb497",
                "sha256:3291394a77addc70afda8615c29509fd32d870641f95c4411ce3ce2b84a52a24",
                "sha256:3982bdef9f111ad3bf803629e02a3369d8b120c7fdd2477cbfeb1718799fe28a",
                "sha256:3b38723daca6d8e97593a9eba75d55753b23b0f45f97a54c61739b3fb95ab64d",
                "sha256:3e6929153273d5239ac63faa70486837ba51eedf58f1e8f9b7b9ab7ec8add1c3",
                "sha256:44449e3c49d7a5d0fd9915c3e28119f28e62ed912379a973cd359c99ba73a6c2",
                "sha256:4a37b574243b727f12cdc3e2721238dfe891ef8642d78ab93be3a8fee60e5420",
                "sha256:5223abea94bbf502e5fbc2c7c2f34c7d82b3feb6f3a25d7d2b01869a8c814539",
                "sha256:5229009e64b1b2d6281108c8596ae349b677be0d7087ad1e258aefd4f1a2d27f",
                "sha256:52f636c67f8aab3b9736e4f2e1f366cb96f28f6a00baebe0885a919830866130",
                "sha256:53e598ee484e5fc7629c9b222c0f0c7204e8c54428cdcfd94b3a851eeee28061",
                "sha256:5973b16f82c4ff64be8dfca703920c33eb70fa0e450b06fcaf045bb0b78777ed",
                "sha256:5a1c8e81d4090113a13d7ef95d9f77f3ab518d039cbfdaff408c37911acaba41",
                "sha256:5bec39cbfb9367884d67a866f10c4662d8a018a9f85ae84a1e16031a6a00f6d3",
                "sha256:60c43e6aa02c7bdfb7b99de8c1c656e14b42ea543e1cf2dbd721a272e3b8283d",
                "sha256:6238448e77b112e90e653f20ada0c9377e4ac5d4174c9007c2d898fcddd1630c",
                "sha256:64cdc72149ee345caa36705f161615b98adfd5c7f3200d1f87a52c87d3d4252e",
                "sha256:69805e3ef5e80b37d578f55f898df7824d2a6287bfd63a7694d6ededb8aaa0ab",
                "sha256:6f8b007eb7fc702806e0e50c0d723fbd086505be30baaed236df88d9e735d03c",
                "sha256:7354c272eaf249581ee5278d8cddd03c86daa3bf25bec0eb1a281951db72034b",
                "sha256:74bf7085e69271fe30b98492258b9a3723046e7a1a7f4d16de3df528e1cfb7ff",
                "sha256:77037e37b33e93aa3f3998cd81d8256cd4c59eea79802601b3efbc0600f6618c",
                "sha256:774d1b6a7cd1bbd34846cd3301a01dd4eb2ffe0bf19ebd7da79f381207713d86",
                "sha256:7e4b3a51102a3d62fbc419470fde4d1d9744963c7235573eba4cd13c73211d68",
                "sha256:7edbff4630058ad185cd520bbad0e528f544101e8bfa23cfd7f131031d6a81b0",
                "sha256:83ec44c587afd8c0d4582364d5379b560bfade5f3a560d089cc14c8d79e1295f",
                "sha256:8832b9424346c97aefd15d9c264e7f51e5b04835a57f25962cdb59f7ebd60def",
                "sha256:8f2ac2c26b04936aa1fe6bf1ff9ff68398eda38c8ef045040174f7e64d2f7147",
                "sha256:92b0dbc877721da8e77a8db0dfb0a9e09800d5080dc82e9e8494188b294cb263",
                "sha256:949aaba1ad973941e9a8dd91607e474e9ce4746dac4679d05d0115bbe2eabc53",
                "sha256:965fce3efdedaf80380a839566b04592d29c2b82100cb0fcfe2f0ecc9f2ce242",
                "sha256:9dea8843b6d99edd6499160ec66c3772284e68d272101f356adadcb3b973287a",
                "sha256:9e00894f1edaa85dff7d33d8a6df7d8eab04d8783c04c0654e0ec4b89bba3ae8",
                "sha256:a057f9bc3a625142f768c4eba2c5b2dd0fde7504c655b92864fe2a2952ea6786",
                "sha256:a13d1c6658059171a6a4f6c0a6883a15f4edbddd602759b7664ef1d155a27c5e",
                "sha256:a701533c5a24f02a5735f60ea6fb723fa8c3319aad17d6062546481e4fa617c3",
                "sha256:a8bd81e729ec5a5f333a930e157e37f3f1d2c5bcd7276080d3f5c0b9bcb49599",
                "sha256:b5232fa63d29c6748d1d379e6338430f5dcaa87c0c1abca02d9ca40a9af004d1",
                "sha256:b58bf8b4053260ce5a4847f10f607107f8b5d33ffa0d2d18b5fbaa6cf9acc994",
                "sha256:b74e8784c810b8c9b1fdd511581fff085699e564707c4d696d00000d92b7e2a5",
                "sha256:bd5d76ec106056ebe2cef9d5e4b7763572a90d14b97edaab25a93d6014cd327c",
                "sha256:be8d65ff7768821d41d76e3d65a69fe25acd2080f9551306ea5598b2c308663d",
                "sha256:c3fe1f1750afd3024dc7fdcdc730162df013f311038aa5d198f4624fa4df9c0e",
                "sha256:c42c987b5854ea3c5a74009a905529c5045eb2a44fec793f8055e7a65f4b205e",
                "sha256:c476103e685c80f5d59b06daf25c25c9afd1b8f102c24be8eb27f91b38e21e5b",
                "sha256:c58cda2e1347b087c169e6fdbe184a273522214c7e9607b7d66accee119d552a",
                "sha256:c5bf1efc65eba07aa564e22c20cacb8b38463286405ef0976a6ff23cd78a9cea",
                "sha256:c67e29a22a1e27f5a59065792a32fee8dab9d9f716fac34041be8c55b22c93f1",
                "sha256:cafafee3c806c44762c4b0a8119d147de742f82eb6dd12c6dabe868f38b751d9",
                "sha256:d152e91d298a276f53864b42d24f170dac0dc4ce0777ac5a06557820ea0a8f64",
                "sha256:d241ab2d22eb0fdec26a8f1135320d711c300aa961c3fea07ca9675833bff46d",
                "sha256:d69f6a20923a37ac724d945e037262a18ba3a6a6fdda4cf893cbbe7a597cbfab",
                "sha256:dbba77bc0b706c7ee496fc75a6c6ed406d85f6091d5fec488a8944c3828e6462",
                "sha256:dbdc1f8ccb94d46ca1e92c31d2fa1df88ec2015237f537b1dad19d05de9ccf24",
                "sha256:de7972a622b3cf48181ff1411e9a854b31988d5f283bb693f7413a56d1b9491c",
                "sha256:e20c4100a15a4359aa29aeae84b68281c72456a6ada05f02830c3214aa616189",
                "sha256:e3302b083ae954971c1293321c2c4d8cef53113083675b454feebd825fea1f75",
                "sha256:e3aaffdac7456a5d2b759c129dc6d9f6d995d293e3aa9fafc810943782ca2559",
                "sha256:e7986e293b02b4ac23694527cc23f14218b1287896227348fc83d52ff10c308c",
                "sha256:e8e7baa22760a2b694ce5e5d33bc68c080ad00019125564e1c2450846e26fa55",
                "sha256:eac112595ea1e8e4320dfc37e58d55f7937ed837bba7054cadd7e4578e9d275b",
                "sha256:ecf19131972dad04e1254516f35d9e43d97929f282c7e3ad50eb313f80aae2cc",
                "sha256:ed68e9b94bda394c5100cbc5efbf95340392794a1c56ccbab498c829fae56830",
                "sha256:edf39f13633f5c429dcb4dc6db53916a702a8b9e5a3d277d72180a141030e3f8",
                "sha256:f17e37e2e4fa3f68fcff2cc4e70fca1d3e2a938097133281084c28f382f9798b",
                "sha256:f1a173deee5152c235b9d47fabcd85b2d8ef7f36f7c091bffcb37433168a82db",
                "sha256:f2f7aedae4d938e0fe824e2d2d392f633d728e9ff36d5614879d64272783a67c",
                "sha256:f36dac80c71e97583309408db2ae243f20e3fd2b25a86381e63434772aad6214",
                "sha256:f479ca915db27ef719369090645c24fcca0b16e7ff1a929b94137aa8a9bb84cf",
                "sha256:f843732762cce0cff996148da2eaf8855fd739ba90bc4a322f9c2f6d31d010b3",
                "sha256:f9f64e25deec05ce224a4b9ebee087b04d9fcc24c2df1ecea91eb1a2ff9608a6",
                "sha256:fc5d6f9807d7dcc3d554672551c5982c7f68e317a8d79e66c33d3aa53a6044d1",
                "sha256:fcce0e4da390db121eedb4867b84ecc38e57f2d6be5dfd9b2dee5ce69c65b9da",
                "sha256:fd7e75547ec10e6aa1729e65fdf992c63652e4ed8d3c0bb66da19fc892c21e2c"
            ],
            "markers": "python_full_version >= '3.6.2'",
            "version": "==4.1.0"
        },
        "pyparsing": {
            "hashes": [
                "sha256:7bf433498c016c4314268d95df76c81b842a4cb2b276fa3312cfb1e1d85f6954",
                "sha256:ef7b523f6356f763771559412c0d7134753f037822dad1b16945b7b846f7ad06"
            ],
            "markers": "python_version >= '3.1'",
            "version": "==3.0.8"
        },
        "pyrebase": {
            "hashes": [
                "sha256:0a1fd6efc36ae2e4747e8c3b4e6ad5dc1abfa5729d6465b04c8f148ff6c626c0",
                "sha256:a80f9d2a1b29f3c4eb2b6968d87b3282666dfcd8cbacd7e586b48d9609916463"
            ],
            "index": "pypi",
            "version": "==3.0.27"
        },
        "python-jwt": {
            "hashes": [
                "sha256:6b2d334cfa8af8423d96bff45a00a7bc811d87f460d1e7f4732b3ae90220f02c",
                "sha256:db2a8ad41b816e0c00e0f8ba3c1899675daa26139641a61356579304960533a1"
            ],
            "version": "==2.0.1"
        },
        "pytz": {
            "hashes": [
                "sha256:1e760e2fe6a8163bc0b3d9a19c4f84342afa0a2affebfaa84b01b978a02ecaa7",
                "sha256:e68985985296d9a66a881eb3193b0906246245294a881e7c8afe623866ac6a5c"
            ],
            "version": "==2022.1"
        },
        "requests": {
            "hashes": [
                "sha256:545c4855cd9d7c12671444326337013766f4eea6068c3f0307fb2dc2696d580e",
                "sha256:5acf980358283faba0b897c73959cecf8b841205bb4b2ad3ef545f46eae1a133"
            ],
            "version": "==2.11.1"
        },
        "requests-toolbelt": {
            "hashes": [
                "sha256:33899d4a559c3f0f5e9fbc115d337c4236febdc083755a160a4132d92fc3c91a",
                "sha256:a0432b1124e6b33151ecf694497b4808690dd94ce68c6648c1daa63b771278c4"
            ],
            "version": "==0.7.0"
        },
        "rsa": {
            "hashes": [
                "sha256:5c6bd9dc7a543b7fe4304a631f8a8a3b674e2bbfc49c2ae96200cdbe55df6b17",
                "sha256:95c5d300c4e879ee69708c428ba566c59478fd653cc3a22243eeb8ed846950bb"
            ],
            "markers": "python_version >= '3.6' and python_version < '4'",
            "version": "==4.8"
        },
        "six": {
            "hashes": [
                "sha256:1e61c37477a1626458e36f7b1d82aa5c9b094fa4802892072e49de9c60c4c926",
                "sha256:8abb2f1d86890a2dfb989f9a77cfcfd3e47c2a354b01111771326f8aa26e0254"
            ],
            "markers": "python_version >= '2.7' and python_version not in '3.0, 3.1, 3.2, 3.3'",
            "version": "==1.16.0"
        },
        "sqlparse": {
            "hashes": [
                "sha256:ce028444cfab83be538752a2ffdb56bc417b7784ff35bb9a3062413717807dec",
                "sha256:d9cf190f51cbb26da0412247dfe4fb5f4098edb73db84e02f9fc21fdca31fed4"
            ],
            "markers": "python_version >= '3.5'",
            "version": "==0.2.4"
        }
    },
    "develop": {}
}
